// !$*UTF8*$!
{
	archiveVersion = 1;
	classes = {
	};
	objectVersion = 46;
	objects = {

/* Begin PBXBuildFile section */
		05BB7F6D6D5DE4A9584D5CF4 /* Pods_picme.framework in Frameworks */ = {isa = PBXBuildFile; fileRef = 7753AE39473242DB6EDEA8CA /* Pods_picme.framework */; };
		854894E91E5E014B00C310A9 /* AppDelegate.m in Sources */ = {isa = PBXBuildFile; fileRef = 854894E81E5E014B00C310A9 /* AppDelegate.m */; };
		854894F41E5E01BB00C310A9 /* LaunchScreen.storyboard in Resources */ = {isa = PBXBuildFile; fileRef = 854894F21E5E01BB00C310A9 /* LaunchScreen.storyboard */; };
		854894F51E5E01BB00C310A9 /* Main.storyboard in Resources */ = {isa = PBXBuildFile; fileRef = 854894F31E5E01BB00C310A9 /* Main.storyboard */; };
		854894F81E5E01D900C310A9 /* Assets.xcassets in Resources */ = {isa = PBXBuildFile; fileRef = 854894F71E5E01D900C310A9 /* Assets.xcassets */; };
		854894FC1E5E01F700C310A9 /* main.m in Sources */ = {isa = PBXBuildFile; fileRef = 854894FA1E5E01F700C310A9 /* main.m */; };
		854894FF1E5E02A500C310A9 /* CoreLocation.framework in Frameworks */ = {isa = PBXBuildFile; fileRef = 854894FE1E5E02A500C310A9 /* CoreLocation.framework */; };
		854895071E5E046000C310A9 /* BaseViewController.m in Sources */ = {isa = PBXBuildFile; fileRef = 854895061E5E046000C310A9 /* BaseViewController.m */; };
		8548950C1E5E1DB000C310A9 /* LocationManager.m in Sources */ = {isa = PBXBuildFile; fileRef = 8548950B1E5E1DB000C310A9 /* LocationManager.m */; };
		854895111E5E286E00C310A9 /* HomeViewController.m in Sources */ = {isa = PBXBuildFile; fileRef = 854895101E5E286E00C310A9 /* HomeViewController.m */; };
		854895141E5E291D00C310A9 /* DetailedPhotoViewController.m in Sources */ = {isa = PBXBuildFile; fileRef = 854895131E5E291D00C310A9 /* DetailedPhotoViewController.m */; };
		854895171E5E293B00C310A9 /* LocationPhotosViewController.m in Sources */ = {isa = PBXBuildFile; fileRef = 854895161E5E293B00C310A9 /* LocationPhotosViewController.m */; };
		857D4ECA1E5EF9C400D9F6B1 /* FlickrAPIManager.m in Sources */ = {isa = PBXBuildFile; fileRef = 857D4EC91E5EF9C400D9F6B1 /* FlickrAPIManager.m */; };
		857D4ED11E5F776F00D9F6B1 /* Utilities.m in Sources */ = {isa = PBXBuildFile; fileRef = 857D4ED01E5F776F00D9F6B1 /* Utilities.m */; };
		857D4ED61E601A9D00D9F6B1 /* PlaceTableViewCell.m in Sources */ = {isa = PBXBuildFile; fileRef = 857D4ED51E601A9D00D9F6B1 /* PlaceTableViewCell.m */; };
/* End PBXBuildFile section */

/* Begin PBXFileReference section */
		719B969EEDF3D6F5573C28C4 /* Pods-picme.debug.xcconfig */ = {isa = PBXFileReference; includeInIndex = 1; lastKnownFileType = text.xcconfig; name = "Pods-picme.debug.xcconfig"; path = "Pods/Target Support Files/Pods-picme/Pods-picme.debug.xcconfig"; sourceTree = "<group>"; };
		771DC4A782C1A1CBEADC50F9 /* Pods-picme.release.xcconfig */ = {isa = PBXFileReference; includeInIndex = 1; lastKnownFileType = text.xcconfig; name = "Pods-picme.release.xcconfig"; path = "Pods/Target Support Files/Pods-picme/Pods-picme.release.xcconfig"; sourceTree = "<group>"; };
		7753AE39473242DB6EDEA8CA /* Pods_picme.framework */ = {isa = PBXFileReference; explicitFileType = wrapper.framework; includeInIndex = 0; path = Pods_picme.framework; sourceTree = BUILT_PRODUCTS_DIR; };
		854894CD1E5DFC1800C310A9 /* picme.app */ = {isa = PBXFileReference; explicitFileType = wrapper.application; includeInIndex = 0; path = picme.app; sourceTree = BUILT_PRODUCTS_DIR; };
		854894E71E5E014B00C310A9 /* AppDelegate.h */ = {isa = PBXFileReference; fileEncoding = 4; lastKnownFileType = sourcecode.c.h; name = AppDelegate.h; path = AppDelegate/AppDelegate.h; sourceTree = "<group>"; };
		854894E81E5E014B00C310A9 /* AppDelegate.m */ = {isa = PBXFileReference; fileEncoding = 4; lastKnownFileType = sourcecode.c.objc; name = AppDelegate.m; path = AppDelegate/AppDelegate.m; sourceTree = "<group>"; };
		854894F21E5E01BB00C310A9 /* LaunchScreen.storyboard */ = {isa = PBXFileReference; fileEncoding = 4; lastKnownFileType = file.storyboard; name = LaunchScreen.storyboard; path = Storyboard/LaunchScreen.storyboard; sourceTree = "<group>"; };
		854894F31E5E01BB00C310A9 /* Main.storyboard */ = {isa = PBXFileReference; fileEncoding = 4; lastKnownFileType = file.storyboard; name = Main.storyboard; path = Storyboard/Main.storyboard; sourceTree = "<group>"; };
		854894F71E5E01D900C310A9 /* Assets.xcassets */ = {isa = PBXFileReference; lastKnownFileType = folder.assetcatalog; name = Assets.xcassets; path = Assets/Assets.xcassets; sourceTree = "<group>"; };
		854894F91E5E01F700C310A9 /* Info.plist */ = {isa = PBXFileReference; fileEncoding = 4; lastKnownFileType = text.plist.xml; name = Info.plist; path = "Support Files/Info.plist"; sourceTree = "<group>"; };
		854894FA1E5E01F700C310A9 /* main.m */ = {isa = PBXFileReference; fileEncoding = 4; lastKnownFileType = sourcecode.c.objc; name = main.m; path = "Support Files/main.m"; sourceTree = "<group>"; };
		854894FE1E5E02A500C310A9 /* CoreLocation.framework */ = {isa = PBXFileReference; lastKnownFileType = wrapper.framework; name = CoreLocation.framework; path = System/Library/Frameworks/CoreLocation.framework; sourceTree = SDKROOT; };
		854895051E5E046000C310A9 /* BaseViewController.h */ = {isa = PBXFileReference; fileEncoding = 4; lastKnownFileType = sourcecode.c.h; name = BaseViewController.h; path = ViewControllers/BaseViewController/BaseViewController.h; sourceTree = "<group>"; };
		854895061E5E046000C310A9 /* BaseViewController.m */ = {isa = PBXFileReference; fileEncoding = 4; lastKnownFileType = sourcecode.c.objc; name = BaseViewController.m; path = ViewControllers/BaseViewController/BaseViewController.m; sourceTree = "<group>"; };
		8548950A1E5E1DB000C310A9 /* LocationManager.h */ = {isa = PBXFileReference; fileEncoding = 4; lastKnownFileType = sourcecode.c.h; name = LocationManager.h; path = Models/Singletons/LocationManager.h; sourceTree = "<group>"; };
		8548950B1E5E1DB000C310A9 /* LocationManager.m */ = {isa = PBXFileReference; fileEncoding = 4; lastKnownFileType = sourcecode.c.objc; name = LocationManager.m; path = Models/Singletons/LocationManager.m; sourceTree = "<group>"; };
		8548950F1E5E286E00C310A9 /* HomeViewController.h */ = {isa = PBXFileReference; fileEncoding = 4; lastKnownFileType = sourcecode.c.h; name = HomeViewController.h; path = ViewControllers/HomeViewController/HomeViewController.h; sourceTree = "<group>"; };
		854895101E5E286E00C310A9 /* HomeViewController.m */ = {isa = PBXFileReference; fileEncoding = 4; lastKnownFileType = sourcecode.c.objc; name = HomeViewController.m; path = ViewControllers/HomeViewController/HomeViewController.m; sourceTree = "<group>"; };
		854895121E5E291D00C310A9 /* DetailedPhotoViewController.h */ = {isa = PBXFileReference; fileEncoding = 4; lastKnownFileType = sourcecode.c.h; name = DetailedPhotoViewController.h; path = ViewControllers/DetailedPhotoViewController/DetailedPhotoViewController.h; sourceTree = "<group>"; };
		854895131E5E291D00C310A9 /* DetailedPhotoViewController.m */ = {isa = PBXFileReference; fileEncoding = 4; lastKnownFileType = sourcecode.c.objc; name = DetailedPhotoViewController.m; path = ViewControllers/DetailedPhotoViewController/DetailedPhotoViewController.m; sourceTree = "<group>"; };
		854895151E5E293B00C310A9 /* LocationPhotosViewController.h */ = {isa = PBXFileReference; fileEncoding = 4; lastKnownFileType = sourcecode.c.h; name = LocationPhotosViewController.h; path = ViewControllers/LocationPhotosViewController/LocationPhotosViewController.h; sourceTree = "<group>"; };
		854895161E5E293B00C310A9 /* LocationPhotosViewController.m */ = {isa = PBXFileReference; fileEncoding = 4; lastKnownFileType = sourcecode.c.objc; name = LocationPhotosViewController.m; path = ViewControllers/LocationPhotosViewController/LocationPhotosViewController.m; sourceTree = "<group>"; };
		857D4EC81E5EF9C400D9F6B1 /* FlickrAPIManager.h */ = {isa = PBXFileReference; fileEncoding = 4; lastKnownFileType = sourcecode.c.h; name = FlickrAPIManager.h; path = Models/Singletons/FlickrAPIManager.h; sourceTree = "<group>"; };
		857D4EC91E5EF9C400D9F6B1 /* FlickrAPIManager.m */ = {isa = PBXFileReference; fileEncoding = 4; lastKnownFileType = sourcecode.c.objc; name = FlickrAPIManager.m; path = Models/Singletons/FlickrAPIManager.m; sourceTree = "<group>"; };
		857D4ECF1E5F776F00D9F6B1 /* Utilities.h */ = {isa = PBXFileReference; fileEncoding = 4; lastKnownFileType = sourcecode.c.h; name = Utilities.h; path = Models/Utilities.h; sourceTree = "<group>"; };
		857D4ED01E5F776F00D9F6B1 /* Utilities.m */ = {isa = PBXFileReference; fileEncoding = 4; lastKnownFileType = sourcecode.c.objc; name = Utilities.m; path = Models/Utilities.m; sourceTree = "<group>"; };
		857D4ED41E601A9D00D9F6B1 /* PlaceTableViewCell.h */ = {isa = PBXFileReference; fileEncoding = 4; lastKnownFileType = sourcecode.c.h; name = PlaceTableViewCell.h; path = ViewComponents/TableCells/PlaceTableViewCell.h; sourceTree = "<group>"; };
		857D4ED51E601A9D00D9F6B1 /* PlaceTableViewCell.m */ = {isa = PBXFileReference; fileEncoding = 4; lastKnownFileType = sourcecode.c.objc; name = PlaceTableViewCell.m; path = ViewComponents/TableCells/PlaceTableViewCell.m; sourceTree = "<group>"; };
/* End PBXFileReference section */

/* Begin PBXFrameworksBuildPhase section */
		854894CA1E5DFC1800C310A9 /* Frameworks */ = {
			isa = PBXFrameworksBuildPhase;
			buildActionMask = 2147483647;
			files = (
				854894FF1E5E02A500C310A9 /* CoreLocation.framework in Frameworks */,
				05BB7F6D6D5DE4A9584D5CF4 /* Pods_picme.framework in Frameworks */,
			);
			runOnlyForDeploymentPostprocessing = 0;
		};
/* End PBXFrameworksBuildPhase section */

/* Begin PBXGroup section */
		262EDEEE1A9D571337B60C32 /* Pods */ = {
			isa = PBXGroup;
			children = (
				719B969EEDF3D6F5573C28C4 /* Pods-picme.debug.xcconfig */,
				771DC4A782C1A1CBEADC50F9 /* Pods-picme.release.xcconfig */,
			);
			name = Pods;
			sourceTree = "<group>";
		};
		854894C41E5DFC1800C310A9 = {
			isa = PBXGroup;
			children = (
				854894CF1E5DFC1800C310A9 /* picme */,
				854894CE1E5DFC1800C310A9 /* Products */,
				854894FD1E5E02A500C310A9 /* Frameworks */,
				262EDEEE1A9D571337B60C32 /* Pods */,
			);
			sourceTree = "<group>";
		};
		854894CE1E5DFC1800C310A9 /* Products */ = {
			isa = PBXGroup;
			children = (
				854894CD1E5DFC1800C310A9 /* picme.app */,
			);
			name = Products;
			sourceTree = "<group>";
		};
		854894CF1E5DFC1800C310A9 /* picme */ = {
			isa = PBXGroup;
			children = (
				857D4ED21E60175D00D9F6B1 /* ViewComponents */,
				854895081E5E1D2200C310A9 /* Models */,
				854894F61E5E01CD00C310A9 /* Assets */,
				854894EA1E5E015A00C310A9 /* AppDelegate */,
				854894EF1E5E018700C310A9 /* Storyboards */,
				854894EB1E5E016800C310A9 /* ViewControllers */,
				854894D01E5DFC1800C310A9 /* Supporting Files */,
			);
			path = picme;
			sourceTree = "<group>";
		};
		854894D01E5DFC1800C310A9 /* Supporting Files */ = {
			isa = PBXGroup;
			children = (
				854894F91E5E01F700C310A9 /* Info.plist */,
				854894FA1E5E01F700C310A9 /* main.m */,
			);
			name = "Supporting Files";
			sourceTree = "<group>";
		};
		854894EA1E5E015A00C310A9 /* AppDelegate */ = {
			isa = PBXGroup;
			children = (
				854894E71E5E014B00C310A9 /* AppDelegate.h */,
				854894E81E5E014B00C310A9 /* AppDelegate.m */,
			);
			name = AppDelegate;
			sourceTree = "<group>";
		};
		854894EB1E5E016800C310A9 /* ViewControllers */ = {
			isa = PBXGroup;
			children = (
				8548950E1E5E280900C310A9 /* DetailedPhotoViewController */,
				8548950D1E5E27EB00C310A9 /* LocationPhotosViewController */,
				854895041E5E042A00C310A9 /* HomeViewController */,
				854895001E5E034B00C310A9 /* BaseViewController */,
			);
			name = ViewControllers;
			sourceTree = "<group>";
		};
		854894EF1E5E018700C310A9 /* Storyboards */ = {
			isa = PBXGroup;
			children = (
				854894F21E5E01BB00C310A9 /* LaunchScreen.storyboard */,
				854894F31E5E01BB00C310A9 /* Main.storyboard */,
			);
			name = Storyboards;
			sourceTree = "<group>";
		};
		854894F61E5E01CD00C310A9 /* Assets */ = {
			isa = PBXGroup;
			children = (
				854894F71E5E01D900C310A9 /* Assets.xcassets */,
			);
			name = Assets;
			sourceTree = "<group>";
		};
		854894FD1E5E02A500C310A9 /* Frameworks */ = {
			isa = PBXGroup;
			children = (
				854894FE1E5E02A500C310A9 /* CoreLocation.framework */,
				7753AE39473242DB6EDEA8CA /* Pods_picme.framework */,
			);
			name = Frameworks;
			sourceTree = "<group>";
		};
		854895001E5E034B00C310A9 /* BaseViewController */ = {
			isa = PBXGroup;
			children = (
				854895051E5E046000C310A9 /* BaseViewController.h */,
				854895061E5E046000C310A9 /* BaseViewController.m */,
			);
			name = BaseViewController;
			sourceTree = "<group>";
		};
		854895041E5E042A00C310A9 /* HomeViewController */ = {
			isa = PBXGroup;
			children = (
				8548950F1E5E286E00C310A9 /* HomeViewController.h */,
				854895101E5E286E00C310A9 /* HomeViewController.m */,
			);
			name = HomeViewController;
			sourceTree = "<group>";
		};
		854895081E5E1D2200C310A9 /* Models */ = {
			isa = PBXGroup;
			children = (
				854895091E5E1D2F00C310A9 /* Singletons */,
				857D4ECF1E5F776F00D9F6B1 /* Utilities.h */,
				857D4ED01E5F776F00D9F6B1 /* Utilities.m */,
			);
			name = Models;
			sourceTree = "<group>";
		};
		854895091E5E1D2F00C310A9 /* Singletons */ = {
			isa = PBXGroup;
			children = (
				8548950A1E5E1DB000C310A9 /* LocationManager.h */,
				8548950B1E5E1DB000C310A9 /* LocationManager.m */,
				857D4EC81E5EF9C400D9F6B1 /* FlickrAPIManager.h */,
				857D4EC91E5EF9C400D9F6B1 /* FlickrAPIManager.m */,
			);
			name = Singletons;
			sourceTree = "<group>";
		};
		8548950D1E5E27EB00C310A9 /* LocationPhotosViewController */ = {
			isa = PBXGroup;
			children = (
				854895151E5E293B00C310A9 /* LocationPhotosViewController.h */,
				854895161E5E293B00C310A9 /* LocationPhotosViewController.m */,
			);
			name = LocationPhotosViewController;
			sourceTree = "<group>";
		};
		8548950E1E5E280900C310A9 /* DetailedPhotoViewController */ = {
			isa = PBXGroup;
			children = (
				854895121E5E291D00C310A9 /* DetailedPhotoViewController.h */,
				854895131E5E291D00C310A9 /* DetailedPhotoViewController.m */,
			);
			name = DetailedPhotoViewController;
			sourceTree = "<group>";
		};
		857D4ED21E60175D00D9F6B1 /* ViewComponents */ = {
			isa = PBXGroup;
			children = (
				857D4ED31E60176E00D9F6B1 /* TableCells */,
			);
			name = ViewComponents;
			sourceTree = "<group>";
		};
		857D4ED31E60176E00D9F6B1 /* TableCells */ = {
			isa = PBXGroup;
			children = (
				857D4ED41E601A9D00D9F6B1 /* PlaceTableViewCell.h */,
				857D4ED51E601A9D00D9F6B1 /* PlaceTableViewCell.m */,
			);
			name = TableCells;
			sourceTree = "<group>";
		};
/* End PBXGroup section */

/* Begin PBXNativeTarget section */
		854894CC1E5DFC1800C310A9 /* picme */ = {
			isa = PBXNativeTarget;
			buildConfigurationList = 854894E41E5DFC1800C310A9 /* Build configuration list for PBXNativeTarget "picme" */;
			buildPhases = (
				49C6C05DF9A451655B836F7F /* [CP] Check Pods Manifest.lock */,
				854894C91E5DFC1800C310A9 /* Sources */,
				854894CA1E5DFC1800C310A9 /* Frameworks */,
				854894CB1E5DFC1800C310A9 /* Resources */,
				8706107C27331E38B90063DC /* [CP] Embed Pods Frameworks */,
				EB2D424643BFBC284D70FD1C /* [CP] Copy Pods Resources */,
			);
			buildRules = (
			);
			dependencies = (
			);
			name = picme;
			productName = picme;
			productReference = 854894CD1E5DFC1800C310A9 /* picme.app */;
			productType = "com.apple.product-type.application";
		};
/* End PBXNativeTarget section */

/* Begin PBXProject section */
		854894C51E5DFC1800C310A9 /* Project object */ = {
			isa = PBXProject;
			attributes = {
				LastUpgradeCheck = 0810;
				ORGANIZATIONNAME = XoliswaNgcobo;
				TargetAttributes = {
					854894CC1E5DFC1800C310A9 = {
						CreatedOnToolsVersion = 8.1;
						DevelopmentTeam = 6E84VTM6FC;
						ProvisioningStyle = Automatic;
					};
				};
			};
			buildConfigurationList = 854894C81E5DFC1800C310A9 /* Build configuration list for PBXProject "picme" */;
			compatibilityVersion = "Xcode 3.2";
			developmentRegion = English;
			hasScannedForEncodings = 0;
			knownRegions = (
				en,
				Base,
			);
			mainGroup = 854894C41E5DFC1800C310A9;
			productRefGroup = 854894CE1E5DFC1800C310A9 /* Products */;
			projectDirPath = "";
			projectRoot = "";
			targets = (
				854894CC1E5DFC1800C310A9 /* picme */,
			);
		};
/* End PBXProject section */

/* Begin PBXResourcesBuildPhase section */
		854894CB1E5DFC1800C310A9 /* Resources */ = {
			isa = PBXResourcesBuildPhase;
			buildActionMask = 2147483647;
			files = (
				854894F51E5E01BB00C310A9 /* Main.storyboard in Resources */,
				854894F41E5E01BB00C310A9 /* LaunchScreen.storyboard in Resources */,
				854894F81E5E01D900C310A9 /* Assets.xcassets in Resources */,
			);
			runOnlyForDeploymentPostprocessing = 0;
		};
/* End PBXResourcesBuildPhase section */

/* Begin PBXShellScriptBuildPhase section */
		49C6C05DF9A451655B836F7F /* [CP] Check Pods Manifest.lock */ = {
			isa = PBXShellScriptBuildPhase;
			buildActionMask = 2147483647;
			files = (
			);
			inputPaths = (
			);
			name = "[CP] Check Pods Manifest.lock";
			outputPaths = (
			);
			runOnlyForDeploymentPostprocessing = 0;
			shellPath = /bin/sh;
			shellScript = "diff \"${PODS_ROOT}/../Podfile.lock\" \"${PODS_ROOT}/Manifest.lock\" > /dev/null\nif [ $? != 0 ] ; then\n    # print error to STDERR\n    echo \"error: The sandbox is not in sync with the Podfile.lock. Run 'pod install' or update your CocoaPods installation.\" >&2\n    exit 1\nfi\n";
			showEnvVarsInLog = 0;
		};
		8706107C27331E38B90063DC /* [CP] Embed Pods Frameworks */ = {
			isa = PBXShellScriptBuildPhase;
			buildActionMask = 2147483647;
			files = (
			);
			inputPaths = (
			);
			name = "[CP] Embed Pods Frameworks";
			outputPaths = (
			);
			runOnlyForDeploymentPostprocessing = 0;
			shellPath = /bin/sh;
			shellScript = "\"${SRCROOT}/Pods/Target Support Files/Pods-picme/Pods-picme-frameworks.sh\"\n";
			showEnvVarsInLog = 0;
		};
		EB2D424643BFBC284D70FD1C /* [CP] Copy Pods Resources */ = {
			isa = PBXShellScriptBuildPhase;
			buildActionMask = 2147483647;
			files = (
			);
			inputPaths = (
			);
			name = "[CP] Copy Pods Resources";
			outputPaths = (
			);
			runOnlyForDeploymentPostprocessing = 0;
			shellPath = /bin/sh;
			shellScript = "\"${SRCROOT}/Pods/Target Support Files/Pods-picme/Pods-picme-resources.sh\"\n";
			showEnvVarsInLog = 0;
		};
/* End PBXShellScriptBuildPhase section */

/* Begin PBXSourcesBuildPhase section */
		854894C91E5DFC1800C310A9 /* Sources */ = {
			isa = PBXSourcesBuildPhase;
			buildActionMask = 2147483647;
			files = (
				854894E91E5E014B00C310A9 /* AppDelegate.m in Sources */,
				854895171E5E293B00C310A9 /* LocationPhotosViewController.m in Sources */,
				8548950C1E5E1DB000C310A9 /* LocationManager.m in Sources */,
				857D4ED11E5F776F00D9F6B1 /* Utilities.m in Sources */,
				854895071E5E046000C310A9 /* BaseViewController.m in Sources */,
				854895111E5E286E00C310A9 /* HomeViewController.m in Sources */,
				857D4ECA1E5EF9C400D9F6B1 /* FlickrAPIManager.m in Sources */,
				857D4ED61E601A9D00D9F6B1 /* PlaceTableViewCell.m in Sources */,
				854894FC1E5E01F700C310A9 /* main.m in Sources */,
				854895141E5E291D00C310A9 /* DetailedPhotoViewController.m in Sources */,
			);
			runOnlyForDeploymentPostprocessing = 0;
		};
/* End PBXSourcesBuildPhase section */

/* Begin XCBuildConfiguration section */
		854894E21E5DFC1800C310A9 /* Debug */ = {
			isa = XCBuildConfiguration;
			buildSettings = {
				ALWAYS_SEARCH_USER_PATHS = NO;
				CLANG_ANALYZER_NONNULL = YES;
				CLANG_CXX_LANGUAGE_STANDARD = "gnu++0x";
				CLANG_CXX_LIBRARY = "libc++";
				CLANG_ENABLE_MODULES = YES;
				CLANG_ENABLE_OBJC_ARC = YES;
				CLANG_WARN_BOOL_CONVERSION = YES;
				CLANG_WARN_CONSTANT_CONVERSION = YES;
				CLANG_WARN_DIRECT_OBJC_ISA_USAGE = YES_ERROR;
				CLANG_WARN_DOCUMENTATION_COMMENTS = YES;
				CLANG_WARN_EMPTY_BODY = YES;
				CLANG_WARN_ENUM_CONVERSION = YES;
				CLANG_WARN_INFINITE_RECURSION = YES;
				CLANG_WARN_INT_CONVERSION = YES;
				CLANG_WARN_OBJC_ROOT_CLASS = YES_ERROR;
				CLANG_WARN_SUSPICIOUS_MOVES = YES;
				CLANG_WARN_UNREACHABLE_CODE = YES;
				CLANG_WARN__DUPLICATE_METHOD_MATCH = YES;
				"CODE_SIGN_IDENTITY[sdk=iphoneos*]" = "iPhone Developer";
				COPY_PHASE_STRIP = NO;
				DEBUG_INFORMATION_FORMAT = dwarf;
				ENABLE_STRICT_OBJC_MSGSEND = YES;
				ENABLE_TESTABILITY = YES;
				GCC_C_LANGUAGE_STANDARD = gnu99;
				GCC_DYNAMIC_NO_PIC = NO;
				GCC_NO_COMMON_BLOCKS = YES;
				GCC_OPTIMIZATION_LEVEL = 0;
				GCC_PREPROCESSOR_DEFINITIONS = (
					"DEBUG=1",
					"$(inherited)",
				);
				GCC_WARN_64_TO_32_BIT_CONVERSION = YES;
				GCC_WARN_ABOUT_RETURN_TYPE = YES_ERROR;
				GCC_WARN_UNDECLARED_SELECTOR = YES;
				GCC_WARN_UNINITIALIZED_AUTOS = YES_AGGRESSIVE;
				GCC_WARN_UNUSED_FUNCTION = YES;
				GCC_WARN_UNUSED_VARIABLE = YES;
				IPHONEOS_DEPLOYMENT_TARGET = 10.1;
				MTL_ENABLE_DEBUG_INFO = YES;
				ONLY_ACTIVE_ARCH = YES;
				SDKROOT = iphoneos;
				TARGETED_DEVICE_FAMILY = "1,2";
			};
			name = Debug;
		};
		854894E31E5DFC1800C310A9 /* Release */ = {
			isa = XCBuildConfiguration;
			buildSettings = {
				ALWAYS_SEARCH_USER_PATHS = NO;
				CLANG_ANALYZER_NONNULL = YES;
				CLANG_CXX_LANGUAGE_STANDARD = "gnu++0x";
				CLANG_CXX_LIBRARY = "libc++";
				CLANG_ENABLE_MODULES = YES;
				CLANG_ENABLE_OBJC_ARC = YES;
				CLANG_WARN_BOOL_CONVERSION = YES;
				CLANG_WARN_CONSTANT_CONVERSION = YES;
				CLANG_WARN_DIRECT_OBJC_ISA_USAGE = YES_ERROR;
				CLANG_WARN_DOCUMENTATION_COMMENTS = YES;
				CLANG_WARN_EMPTY_BODY = YES;
				CLANG_WARN_ENUM_CONVERSION = YES;
				CLANG_WARN_INFINITE_RECURSION = YES;
				CLANG_WARN_INT_CONVERSION = YES;
				CLANG_WARN_OBJC_ROOT_CLASS = YES_ERROR;
				CLANG_WARN_SUSPICIOUS_MOVES = YES;
				CLANG_WARN_UNREACHABLE_CODE = YES;
				CLANG_WARN__DUPLICATE_METHOD_MATCH = YES;
				"CODE_SIGN_IDENTITY[sdk=iphoneos*]" = "iPhone Developer";
				COPY_PHASE_STRIP = NO;
				DEBUG_INFORMATION_FORMAT = "dwarf-with-dsym";
				ENABLE_NS_ASSERTIONS = NO;
				ENABLE_STRICT_OBJC_MSGSEND = YES;
				GCC_C_LANGUAGE_STANDARD = gnu99;
				GCC_NO_COMMON_BLOCKS = YES;
				GCC_WARN_64_TO_32_BIT_CONVERSION = YES;
				GCC_WARN_ABOUT_RETURN_TYPE = YES_ERROR;
				GCC_WARN_UNDECLARED_SELECTOR = YES;
				GCC_WARN_UNINITIALIZED_AUTOS = YES_AGGRESSIVE;
				GCC_WARN_UNUSED_FUNCTION = YES;
				GCC_WARN_UNUSED_VARIABLE = YES;
				IPHONEOS_DEPLOYMENT_TARGET = 10.1;
				MTL_ENABLE_DEBUG_INFO = NO;
				SDKROOT = iphoneos;
				TARGETED_DEVICE_FAMILY = "1,2";
				VALIDATE_PRODUCT = YES;
			};
			name = Release;
		};
		854894E51E5DFC1800C310A9 /* Debug */ = {
			isa = XCBuildConfiguration;
			baseConfigurationReference = 719B969EEDF3D6F5573C28C4 /* Pods-picme.debug.xcconfig */;
			buildSettings = {
				ASSETCATALOG_COMPILER_APPICON_NAME = AppIcon;
				DEVELOPMENT_TEAM = 6E84VTM6FC;
				INFOPLIST_FILE = "$(SRCROOT)/picme/Support Files/Info.plist";
				IPHONEOS_DEPLOYMENT_TARGET = 8.0;
				LD_RUNPATH_SEARCH_PATHS = "$(inherited) @executable_path/Frameworks";
				PRODUCT_BUNDLE_IDENTIFIER = za.co.xoliswangcobo.picme;
				PRODUCT_NAME = "$(TARGET_NAME)";
			};
			name = Debug;
		};
		854894E61E5DFC1800C310A9 /* Release */ = {
			isa = XCBuildConfiguration;
			baseConfigurationReference = 771DC4A782C1A1CBEADC50F9 /* Pods-picme.release.xcconfig */;
			buildSettings = {
				ASSETCATALOG_COMPILER_APPICON_NAME = AppIcon;
				DEVELOPMENT_TEAM = 6E84VTM6FC;
				INFOPLIST_FILE = "$(SRCROOT)/picme/Support Files/Info.plist";
				IPHONEOS_DEPLOYMENT_TARGET = 8.0;
				LD_RUNPATH_SEARCH_PATHS = "$(inherited) @executable_path/Frameworks";
				PRODUCT_BUNDLE_IDENTIFIER = za.co.xoliswangcobo.picme;
				PRODUCT_NAME = "$(TARGET_NAME)";
			};
			name = Release;
		};
/* End XCBuildConfiguration section */

/* Begin XCConfigurationList section */
		854894C81E5DFC1800C310A9 /* Build configuration list for PBXProject "picme" */ = {
			isa = XCConfigurationList;
			buildConfigurations = (
				854894E21E5DFC1800C310A9 /* Debug */,
				854894E31E5DFC1800C310A9 /* Release */,
			);
			defaultConfigurationIsVisible = 0;
			defaultConfigurationName = Release;
		};
		854894E41E5DFC1800C310A9 /* Build configuration list for PBXNativeTarget "picme" */ = {
			isa = XCConfigurationList;
			buildConfigurations = (
				854894E51E5DFC1800C310A9 /* Debug */,
				854894E61E5DFC1800C310A9 /* Release */,
			);
			defaultConfigurationIsVisible = 0;
			defaultConfigurationName = Release;
		};
/* End XCConfigurationList section */
	};
	rootObject = 854894C51E5DFC1800C310A9 /* Project object */;
}
